{"format_version":"1.2","terraform_version":"1.6.6","variables":{"ami-id":{"value":"ami-12345678"},"aws-region":{"value":"us-east-2"},"environment":{"value":"dev"},"google-region":{"value":"us-central1"},"instance-type":{"value":"t3.micro"}},"planned_values":{"outputs":{"instance_ids":{"sensitive":false},"vpc_id":{"sensitive":false}},"root_module":{"resources":[{"address":"aws_instance.webapp","mode":"managed","type":"aws_instance","name":"webapp","provider_name":"registry.terraform.io/hashicorp/aws","schema_version":1,"values":{"ami":"ami-12345678","credit_specification":[],"get_password_data":false,"hibernation":null,"instance_type":"t3.micro","key_name":"initech-webapp-dev-key","launch_template":[],"source_dest_check":true,"tags":{"Name":"initech-webapp-dev-ec2"},"tags_all":{"Name":"initech-webapp-dev-ec2"},"timeouts":null,"user_data":"c2d298662a4e8c70b1ebd8ffd37d0fd3fcbfe182","user_data_replace_on_change":false,"volume_tags":null},"sensitive_values":{"capacity_reservation_specification":[],"cpu_options":[],"credit_specification":[],"ebs_block_device":[],"enclave_options":[],"ephemeral_block_device":[],"instance_market_options":[],"ipv6_addresses":[],"launch_template":[],"maintenance_options":[],"metadata_options":[],"network_interface":[],"private_dns_name_options":[],"root_block_device":[],"secondary_private_ips":[],"security_groups":[],"tags":{},"tags_all":{},"vpc_security_group_ids":[]}},{"address":"aws_key_pair.webapp-keypair","mode":"managed","type":"aws_key_pair","name":"webapp-keypair","provider_name":"registry.terraform.io/hashicorp/aws","schema_version":1,"values":{"key_name":"initech-webapp-dev-key","public_key":"ssh-rsa AAAAB3NzaC1yc2EAAAADAQABAAABgQDTMW0UlgObFvOMx793o3mliM8ePOpla0DuTYzD5Guh2CLRlsaRgIjzEUUaekes2DxU50+qi35QBEgu8km2At2DX4CkSGBZTO2t4GQ0FK1TkkZBLoE3XQvmwSl847buMQ4vBqkf6owJlZ/DMJ8z/tIefpR5uFuTTMGV2vtDYZfMhy6nJuO04OHLbroaTHGwgLr+K7A/xmVAOiiOU/QxJabCcrQT2NRks9uIVgF5XrOLFh9p5WfbROHC9YY5hrr6mrx/Hxg7Z8X7KZcNDPjm9M8bYnor4iw+X+dD+g+VFC7H6VEfo6Og3SgHCJkacba8X7ovhYoqBO1arLdBKVYOvIrvcomBEGfX2MjgaED+eoLHBpg2i8lSviD3iF4J9mcKfAF3hofigSbPKmdBG24HS7NPNQPJW2swUTJCG/0VOJv1ko+EU26ZDEv8smp/19a+GRTAw0f/K0qmQjnQxK2+Ptm56GhZ/Qk53dl3OA5VzNl/WzvCNXmY8adb21xkW+53GNM= reddyin@Indras-Air.attlocal.net","tags":null},"sensitive_values":{"tags_all":{}}},{"address":"aws_network_interface.dev_web_network_interface","mode":"managed","type":"aws_network_interface","name":"dev_web_network_interface","provider_name":"registry.terraform.io/hashicorp/aws","schema_version":0,"values":{"attachment":[{"device_index":1}],"description":null,"ipv6_address_list_enabled":false,"private_ip_list_enabled":false,"private_ips":["10.0.0.50"],"source_dest_check":true,"tags":{"Name":"initech-webapp-dev-eni"},"tags_all":{"Name":"initech-webapp-dev-eni"}},"sensitive_values":{"attachment":[{}],"ipv4_prefixes":[],"ipv6_address_list":[],"ipv6_addresses":[],"ipv6_prefixes":[],"private_ip_list":[],"private_ips":[false],"security_groups":[],"tags":{},"tags_all":{}}},{"address":"aws_security_group.dev_web_sg","mode":"managed","type":"aws_security_group","name":"dev_web_sg","provider_name":"registry.terraform.io/hashicorp/aws","schema_version":1,"values":{"description":"Security group for initech web app development","name":"dev-web-sg","revoke_rules_on_delete":false,"tags":{"Environment":"dev","Name":"initech-webapp-dev-sg"},"tags_all":{"Environment":"dev","Name":"initech-webapp-dev-sg"},"timeouts":null},"sensitive_values":{"egress":[],"ingress":[],"tags":{},"tags_all":{}}},{"address":"aws_security_group_rule.dev_allow_http","mode":"managed","type":"aws_security_group_rule","name":"dev_allow_http","provider_name":"registry.terraform.io/hashicorp/aws","schema_version":2,"values":{"cidr_blocks":["0.0.0.0/0"],"description":null,"from_port":8080,"ipv6_cidr_blocks":null,"prefix_list_ids":null,"protocol":"tcp","self":false,"timeouts":null,"to_port":8080,"type":"ingress"},"sensitive_values":{"cidr_blocks":[false]}},{"address":"aws_security_group_rule.dev_allow_ssh","mode":"managed","type":"aws_security_group_rule","name":"dev_allow_ssh","provider_name":"registry.terraform.io/hashicorp/aws","schema_version":2,"values":{"cidr_blocks":["0.0.0.0/0"],"description":null,"from_port":22,"ipv6_cidr_blocks":null,"prefix_list_ids":null,"protocol":"tcp","self":false,"timeouts":null,"to_port":22,"type":"ingress"},"sensitive_values":{"cidr_blocks":[false]}},{"address":"aws_subnet.dev_subnet","mode":"managed","type":"aws_subnet","name":"dev_subnet","provider_name":"registry.terraform.io/hashicorp/aws","schema_version":1,"values":{"assign_ipv6_address_on_creation":false,"cidr_block":"10.0.1.0/24","customer_owned_ipv4_pool":null,"enable_dns64":false,"enable_lni_at_device_index":null,"enable_resource_name_dns_a_record_on_launch":false,"enable_resource_name_dns_aaaa_record_on_launch":false,"ipv6_cidr_block":null,"ipv6_native":false,"map_customer_owned_ip_on_launch":null,"map_public_ip_on_launch":false,"outpost_arn":null,"tags":null,"timeouts":null},"sensitive_values":{"tags_all":{}}},{"address":"aws_vpc.dev_vpc","mode":"managed","type":"aws_vpc","name":"dev_vpc","provider_name":"registry.terraform.io/hashicorp/aws","schema_version":1,"values":{"assign_generated_ipv6_cidr_block":null,"cidr_block":"10.0.0.0/16","enable_dns_hostnames":true,"enable_dns_support":true,"instance_tenancy":"default","ipv4_ipam_pool_id":null,"ipv4_netmask_length":null,"ipv6_ipam_pool_id":null,"ipv6_netmask_length":null,"tags":null},"sensitive_values":{"tags_all":{}}}]}},"resource_changes":[{"address":"aws_instance.webapp","mode":"managed","type":"aws_instance","name":"webapp","provider_name":"registry.terraform.io/hashicorp/aws","change":{"actions":["create"],"before":null,"after":{"ami":"ami-12345678","credit_specification":[],"get_password_data":false,"hibernation":null,"instance_type":"t3.micro","key_name":"initech-webapp-dev-key","launch_template":[],"source_dest_check":true,"tags":{"Name":"initech-webapp-dev-ec2"},"tags_all":{"Name":"initech-webapp-dev-ec2"},"timeouts":null,"user_data":"c2d298662a4e8c70b1ebd8ffd37d0fd3fcbfe182","user_data_replace_on_change":false,"volume_tags":null},"after_unknown":{"arn":true,"associate_public_ip_address":true,"availability_zone":true,"capacity_reservation_specification":true,"cpu_core_count":true,"cpu_options":true,"cpu_threads_per_core":true,"credit_specification":[],"disable_api_stop":true,"disable_api_termination":true,"ebs_block_device":true,"ebs_optimized":true,"enclave_options":true,"ephemeral_block_device":true,"host_id":true,"host_resource_group_arn":true,"iam_instance_profile":true,"id":true,"instance_initiated_shutdown_behavior":true,"instance_lifecycle":true,"instance_market_options":true,"instance_state":true,"ipv6_address_count":true,"ipv6_addresses":true,"launch_template":[],"maintenance_options":true,"metadata_options":true,"monitoring":true,"network_interface":true,"outpost_arn":true,"password_data":true,"placement_group":true,"placement_partition_number":true,"primary_network_interface_id":true,"private_dns":true,"private_dns_name_options":true,"private_ip":true,"public_dns":true,"public_ip":true,"root_block_device":true,"secondary_private_ips":true,"security_groups":true,"spot_instance_request_id":true,"subnet_id":true,"tags":{},"tags_all":{},"tenancy":true,"user_data_base64":true,"vpc_security_group_ids":true},"before_sensitive":false,"after_sensitive":{"capacity_reservation_specification":[],"cpu_options":[],"credit_specification":[],"ebs_block_device":[],"enclave_options":[],"ephemeral_block_device":[],"instance_market_options":[],"ipv6_addresses":[],"launch_template":[],"maintenance_options":[],"metadata_options":[],"network_interface":[],"private_dns_name_options":[],"root_block_device":[],"secondary_private_ips":[],"security_groups":[],"tags":{},"tags_all":{},"vpc_security_group_ids":[]}}},{"address":"aws_key_pair.webapp-keypair","mode":"managed","type":"aws_key_pair","name":"webapp-keypair","provider_name":"registry.terraform.io/hashicorp/aws","change":{"actions":["create"],"before":null,"after":{"key_name":"initech-webapp-dev-key","public_key":"ssh-rsa AAAAB3NzaC1yc2EAAAADAQABAAABgQDTMW0UlgObFvOMx793o3mliM8ePOpla0DuTYzD5Guh2CLRlsaRgIjzEUUaekes2DxU50+qi35QBEgu8km2At2DX4CkSGBZTO2t4GQ0FK1TkkZBLoE3XQvmwSl847buMQ4vBqkf6owJlZ/DMJ8z/tIefpR5uFuTTMGV2vtDYZfMhy6nJuO04OHLbroaTHGwgLr+K7A/xmVAOiiOU/QxJabCcrQT2NRks9uIVgF5XrOLFh9p5WfbROHC9YY5hrr6mrx/Hxg7Z8X7KZcNDPjm9M8bYnor4iw+X+dD+g+VFC7H6VEfo6Og3SgHCJkacba8X7ovhYoqBO1arLdBKVYOvIrvcomBEGfX2MjgaED+eoLHBpg2i8lSviD3iF4J9mcKfAF3hofigSbPKmdBG24HS7NPNQPJW2swUTJCG/0VOJv1ko+EU26ZDEv8smp/19a+GRTAw0f/K0qmQjnQxK2+Ptm56GhZ/Qk53dl3OA5VzNl/WzvCNXmY8adb21xkW+53GNM= reddyin@Indras-Air.attlocal.net","tags":null},"after_unknown":{"arn":true,"fingerprint":true,"id":true,"key_name_prefix":true,"key_pair_id":true,"key_type":true,"tags_all":true},"before_sensitive":false,"after_sensitive":{"tags_all":{}}}},{"address":"aws_network_interface.dev_web_network_interface","mode":"managed","type":"aws_network_interface","name":"dev_web_network_interface","provider_name":"registry.terraform.io/hashicorp/aws","change":{"actions":["create"],"before":null,"after":{"attachment":[{"device_index":1}],"description":null,"ipv6_address_list_enabled":false,"private_ip_list_enabled":false,"private_ips":["10.0.0.50"],"source_dest_check":true,"tags":{"Name":"initech-webapp-dev-eni"},"tags_all":{"Name":"initech-webapp-dev-eni"}},"after_unknown":{"arn":true,"attachment":[{"attachment_id":true,"instance":true}],"id":true,"interface_type":true,"ipv4_prefix_count":true,"ipv4_prefixes":true,"ipv6_address_count":true,"ipv6_address_list":true,"ipv6_addresses":true,"ipv6_prefix_count":true,"ipv6_prefixes":true,"mac_address":true,"outpost_arn":true,"owner_id":true,"private_dns_name":true,"private_ip":true,"private_ip_list":true,"private_ips":[false],"private_ips_count":true,"security_groups":true,"subnet_id":true,"tags":{},"tags_all":{}},"before_sensitive":false,"after_sensitive":{"attachment":[{}],"ipv4_prefixes":[],"ipv6_address_list":[],"ipv6_addresses":[],"ipv6_prefixes":[],"private_ip_list":[],"private_ips":[false],"security_groups":[],"tags":{},"tags_all":{}}}},{"address":"aws_security_group.dev_web_sg","mode":"managed","type":"aws_security_group","name":"dev_web_sg","provider_name":"registry.terraform.io/hashicorp/aws","change":{"actions":["create"],"before":null,"after":{"description":"Security group for initech web app development","name":"dev-web-sg","revoke_rules_on_delete":false,"tags":{"Environment":"dev","Name":"initech-webapp-dev-sg"},"tags_all":{"Environment":"dev","Name":"initech-webapp-dev-sg"},"timeouts":null},"after_unknown":{"arn":true,"egress":true,"id":true,"ingress":true,"name_prefix":true,"owner_id":true,"tags":{},"tags_all":{},"vpc_id":true},"before_sensitive":false,"after_sensitive":{"egress":[],"ingress":[],"tags":{},"tags_all":{}}}},{"address":"aws_security_group_rule.dev_allow_http","mode":"managed","type":"aws_security_group_rule","name":"dev_allow_http","provider_name":"registry.terraform.io/hashicorp/aws","change":{"actions":["create"],"before":null,"after":{"cidr_blocks":["0.0.0.0/0"],"description":null,"from_port":8080,"ipv6_cidr_blocks":null,"prefix_list_ids":null,"protocol":"tcp","self":false,"timeouts":null,"to_port":8080,"type":"ingress"},"after_unknown":{"cidr_blocks":[false],"id":true,"security_group_id":true,"security_group_rule_id":true,"source_security_group_id":true},"before_sensitive":false,"after_sensitive":{"cidr_blocks":[false]}}},{"address":"aws_security_group_rule.dev_allow_ssh","mode":"managed","type":"aws_security_group_rule","name":"dev_allow_ssh","provider_name":"registry.terraform.io/hashicorp/aws","change":{"actions":["create"],"before":null,"after":{"cidr_blocks":["0.0.0.0/0"],"description":null,"from_port":22,"ipv6_cidr_blocks":null,"prefix_list_ids":null,"protocol":"tcp","self":false,"timeouts":null,"to_port":22,"type":"ingress"},"after_unknown":{"cidr_blocks":[false],"id":true,"security_group_id":true,"security_group_rule_id":true,"source_security_group_id":true},"before_sensitive":false,"after_sensitive":{"cidr_blocks":[false]}}},{"address":"aws_subnet.dev_subnet","mode":"managed","type":"aws_subnet","name":"dev_subnet","provider_name":"registry.terraform.io/hashicorp/aws","change":{"actions":["create"],"before":null,"after":{"assign_ipv6_address_on_creation":false,"cidr_block":"10.0.1.0/24","customer_owned_ipv4_pool":null,"enable_dns64":false,"enable_lni_at_device_index":null,"enable_resource_name_dns_a_record_on_launch":false,"enable_resource_name_dns_aaaa_record_on_launch":false,"ipv6_cidr_block":null,"ipv6_native":false,"map_customer_owned_ip_on_launch":null,"map_public_ip_on_launch":false,"outpost_arn":null,"tags":null,"timeouts":null},"after_unknown":{"arn":true,"availability_zone":true,"availability_zone_id":true,"id":true,"ipv6_cidr_block_association_id":true,"owner_id":true,"private_dns_hostname_type_on_launch":true,"tags_all":true,"vpc_id":true},"before_sensitive":false,"after_sensitive":{"tags_all":{}}}},{"address":"aws_vpc.dev_vpc","mode":"managed","type":"aws_vpc","name":"dev_vpc","provider_name":"registry.terraform.io/hashicorp/aws","change":{"actions":["create"],"before":null,"after":{"assign_generated_ipv6_cidr_block":null,"cidr_block":"10.0.0.0/16","enable_dns_hostnames":true,"enable_dns_support":true,"instance_tenancy":"default","ipv4_ipam_pool_id":null,"ipv4_netmask_length":null,"ipv6_ipam_pool_id":null,"ipv6_netmask_length":null,"tags":null},"after_unknown":{"arn":true,"default_network_acl_id":true,"default_route_table_id":true,"default_security_group_id":true,"dhcp_options_id":true,"enable_network_address_usage_metrics":true,"id":true,"ipv6_association_id":true,"ipv6_cidr_block":true,"ipv6_cidr_block_network_border_group":true,"main_route_table_id":true,"owner_id":true,"tags_all":true},"before_sensitive":false,"after_sensitive":{"tags_all":{}}}}],"output_changes":{"instance_ids":{"actions":["create"],"before":null,"after_unknown":true,"before_sensitive":false,"after_sensitive":false},"vpc_id":{"actions":["create"],"before":null,"after_unknown":true,"before_sensitive":false,"after_sensitive":false}},"configuration":{"provider_config":{"aws":{"name":"aws","full_name":"registry.terraform.io/hashicorp/aws","version_constraint":"~\u003e 5.30.0","expressions":{"region":{"references":["var.aws-region"]}}},"google":{"name":"google","full_name":"registry.terraform.io/hashicorp/google","version_constraint":"\u003e= 5.11.0","expressions":{"region":{"references":["var.google-region"]}}}},"root_module":{"outputs":{"instance_ids":{"expression":{"references":["aws_instance.webapp.id","aws_instance.webapp"]},"description":"IDs of the created instance"},"vpc_id":{"expression":{"references":["aws_vpc.dev_vpc.id","aws_vpc.dev_vpc"]},"description":"ID of the created VPC"}},"resources":[{"address":"aws_instance.webapp","mode":"managed","type":"aws_instance","name":"webapp","provider_config_key":"aws","expressions":{"ami":{"references":["var.ami-id"]},"instance_type":{"references":["var.instance-type"]},"key_name":{"references":["aws_key_pair.webapp-keypair.key_name","aws_key_pair.webapp-keypair"]},"subnet_id":{"references":["aws_subnet.dev_subnet.id","aws_subnet.dev_subnet"]},"tags":{"references":["local.tag_prefix_name"]},"user_data":{"constant_value":"#!/bin/bash\necho \"Hello from user data!\" \u003e /tmp/user_data_output.txt\n"},"vpc_security_group_ids":{"references":["aws_security_group.dev_web_sg.id","aws_security_group.dev_web_sg"]}},"schema_version":1},{"address":"aws_key_pair.webapp-keypair","mode":"managed","type":"aws_key_pair","name":"webapp-keypair","provider_config_key":"aws","expressions":{"key_name":{"references":["local.tag_prefix_name"]},"public_key":{"references":["path.module"]}},"schema_version":1},{"address":"aws_network_interface.dev_web_network_interface","mode":"managed","type":"aws_network_interface","name":"dev_web_network_interface","provider_config_key":"aws","expressions":{"attachment":[{"device_index":{"constant_value":1},"instance":{"references":["aws_instance.webapp.id","aws_instance.webapp"]}}],"private_ips":{"constant_value":["10.0.0.50"]},"security_groups":{"references":["aws_security_group.dev_web_sg.id","aws_security_group.dev_web_sg"]},"subnet_id":{"references":["aws_subnet.dev_subnet.id","aws_subnet.dev_subnet"]},"tags":{"references":["local.tag_prefix_name"]}},"schema_version":0,"depends_on":["aws_instance.webapp"]},{"address":"aws_security_group.dev_web_sg","mode":"managed","type":"aws_security_group","name":"dev_web_sg","provider_config_key":"aws","expressions":{"description":{"constant_value":"Security group for initech web app development"},"name":{"constant_value":"dev-web-sg"},"tags":{"references":["local.tag_prefix_name","var.environment"]},"vpc_id":{"references":["aws_vpc.dev_vpc.id","aws_vpc.dev_vpc"]}},"schema_version":1},{"address":"aws_security_group_rule.dev_allow_http","mode":"managed","type":"aws_security_group_rule","name":"dev_allow_http","provider_config_key":"aws","expressions":{"cidr_blocks":{"constant_value":["0.0.0.0/0"]},"from_port":{"constant_value":8080},"protocol":{"constant_value":"tcp"},"security_group_id":{"references":["aws_security_group.dev_web_sg.id","aws_security_group.dev_web_sg"]},"to_port":{"constant_value":8080},"type":{"constant_value":"ingress"}},"schema_version":2},{"address":"aws_security_group_rule.dev_allow_ssh","mode":"managed","type":"aws_security_group_rule","name":"dev_allow_ssh","provider_config_key":"aws","expressions":{"cidr_blocks":{"constant_value":["0.0.0.0/0"]},"from_port":{"constant_value":22},"protocol":{"constant_value":"tcp"},"security_group_id":{"references":["aws_security_group.dev_web_sg.id","aws_security_group.dev_web_sg"]},"to_port":{"constant_value":22},"type":{"constant_value":"ingress"}},"schema_version":2},{"address":"aws_subnet.dev_subnet","mode":"managed","type":"aws_subnet","name":"dev_subnet","provider_config_key":"aws","expressions":{"cidr_block":{"constant_value":"10.0.1.0/24"},"vpc_id":{"references":["aws_vpc.dev_vpc.id","aws_vpc.dev_vpc"]}},"schema_version":1},{"address":"aws_vpc.dev_vpc","mode":"managed","type":"aws_vpc","name":"dev_vpc","provider_config_key":"aws","expressions":{"cidr_block":{"constant_value":"10.0.0.0/16"},"enable_dns_hostnames":{"constant_value":true},"enable_dns_support":{"constant_value":true}},"schema_version":1}],"variables":{"ami-id":{"description":"The AMI ID for the AWS instance"},"aws-region":{"default":"us-east-2","description":"aws region"},"environment":{"description":"Environment for the resource provisioning"},"google-region":{"default":"us-central1","description":"aws region"},"instance-type":{"default":"t2.micro","description":"The instance type for the AWS instance"}}}},"relevant_attributes":[{"resource":"aws_instance.webapp","attribute":["id"]},{"resource":"aws_vpc.dev_vpc","attribute":["id"]},{"resource":"aws_security_group.dev_web_sg","attribute":["id"]},{"resource":"aws_key_pair.webapp-keypair","attribute":["key_name"]},{"resource":"aws_subnet.dev_subnet","attribute":["id"]}],"timestamp":"2024-01-16T05:31:37Z","errored":false}
